
Microsoft Visual Studio Solution File, Format Version 12.00
# Visual Studio Version 17
VisualStudioVersion = 17.2.32602.215
MinimumVisualStudioVersion = 10.0.40219.1
Project("{2150E333-8FDC-42A3-9474-1A3956D46DE8}") = "APIs e UIs", "APIs e UIs", "{0DF06FE8-4877-40D4-958C-8A2C660484EE}"
EndProject
Project("{2150E333-8FDC-42A3-9474-1A3956D46DE8}") = "Anuncio", "Anuncio", "{67E1DEA1-F354-478F-897D-A99D46AC4A25}"
EndProject
Project("{2150E333-8FDC-42A3-9474-1A3956D46DE8}") = "Domínios", "Domínios", "{BA4C73B5-5886-4BC0-9201-B60297E8FA07}"
EndProject
Project("{2150E333-8FDC-42A3-9474-1A3956D46DE8}") = "Infraestrutura", "Infraestrutura", "{D5BF7E78-BFEE-40C8-8998-2FFC84424A6B}"
EndProject
Project("{2150E333-8FDC-42A3-9474-1A3956D46DE8}") = "Solution Items", "Solution Items", "{C30C12C1-7234-4CC4-A99C-D3D077FFE28F}"
	ProjectSection(SolutionItems) = preProject
		.editorconfig = .editorconfig
		TODO.txt = TODO.txt
	EndProjectSection
EndProject
Project("{9A19103F-16F7-4668-BE54-9A1E7A4F7556}") = "Julio.Anuncio.Application", "src\Julio.Anuncio.Application\Julio.Anuncio.Application.csproj", "{FD47F945-E941-4577-9B58-229BBC9DE513}"
EndProject
Project("{9A19103F-16F7-4668-BE54-9A1E7A4F7556}") = "Julio.Anuncio.Domain", "src\Julio.Anuncio.Domain\Julio.Anuncio.Domain.csproj", "{D22329B6-A823-4E8A-923E-7A31BC166CF7}"
EndProject
Project("{2150E333-8FDC-42A3-9474-1A3956D46DE8}") = "Testes", "Testes", "{180D0639-AC0A-4F98-ADE7-BE4AC457594A}"
EndProject
Project("{9A19103F-16F7-4668-BE54-9A1E7A4F7556}") = "Julio.Infra.Commons", "src\Julio.Infra.Commons\Julio.Infra.Commons.csproj", "{42CCD075-2E08-4FDC-98B1-D097F2482F9E}"
EndProject
Project("{9A19103F-16F7-4668-BE54-9A1E7A4F7556}") = "Julio.Anuncio.XML", "src\Julio.Anuncio.XML\Julio.Anuncio.XML.csproj", "{D337E03D-7D18-4EEE-966D-96C8F635210B}"
EndProject
Project("{9A19103F-16F7-4668-BE54-9A1E7A4F7556}") = "Julio.Anuncio.IoC", "src\Julio.Anuncio.IoC\Julio.Anuncio.IoC.csproj", "{5AC9F427-AAC2-43CF-A40B-6E9A675C3986}"
EndProject
Project("{2150E333-8FDC-42A3-9474-1A3956D46DE8}") = "Anuncio", "Anuncio", "{A471307C-CA07-4910-BD47-5BAC17F24F10}"
EndProject
Project("{2150E333-8FDC-42A3-9474-1A3956D46DE8}") = "Commons", "Commons", "{9673C474-251F-471B-833D-1FC3A176B351}"
EndProject
Project("{9A19103F-16F7-4668-BE54-9A1E7A4F7556}") = "Julio.Domain.Commons", "src\Julio.Domain.Commons\Julio.Domain.Commons.csproj", "{1A8178D3-4C4A-4A87-9EB4-93650DF8930D}"
EndProject
Project("{9A19103F-16F7-4668-BE54-9A1E7A4F7556}") = "Julio.Infra.ConsoleCommons", "src\Julio.Infra.ConsoleCommons\Julio.Infra.ConsoleCommons.csproj", "{46A9C808-252D-443D-AE7E-AAD3586F6AF6}"
EndProject
Project("{9A19103F-16F7-4668-BE54-9A1E7A4F7556}") = "Julio.Anuncio.Testes", "src\Julio.Anuncio.Testes\Julio.Anuncio.Testes.csproj", "{4D147CF3-CC0D-492D-9341-ACA764AF2D77}"
EndProject
Project("{9A19103F-16F7-4668-BE54-9A1E7A4F7556}") = "Julio.Infra.MemoryCache", "src\Julio.Infra.MemoryCache\Julio.Infra.MemoryCache.csproj", "{5877A605-8B3A-4292-9E2F-93AB8774B474}"
EndProject
Project("{9A19103F-16F7-4668-BE54-9A1E7A4F7556}") = "Julio.Anuncio.Dados.Leitura", "src\Julio.Anuncio.Dados.Leitura\Julio.Anuncio.Dados.Leitura.csproj", "{F0E5678B-98DB-4768-9671-2BD8DD9299B4}"
EndProject
Project("{9A19103F-16F7-4668-BE54-9A1E7A4F7556}") = "Julio.Anuncio.Repositorio", "src\Julio.Anuncio.Repositorio\Julio.Anuncio.Repositorio.csproj", "{80AA684A-96B9-4F89-96B8-7E5A10C7150A}"
EndProject
Project("{9A19103F-16F7-4668-BE54-9A1E7A4F7556}") = "Julio.Anuncio.ConsoleTestes", "src\Julio.Anuncio.ConsoleTestes\Julio.Anuncio.ConsoleTestes.csproj", "{42853471-81E9-4264-A2EE-774285898E2A}"
EndProject
Project("{2150E333-8FDC-42A3-9474-1A3956D46DE8}") = "Acesso", "Acesso", "{441DC52A-BE8E-489F-91F7-EC43CCDCF476}"
EndProject
Project("{9A19103F-16F7-4668-BE54-9A1E7A4F7556}") = "Julio.Acesso.Dados", "src\Julio.Acesso.Dados\Julio.Acesso.Dados.csproj", "{543E2CD6-7499-4AA7-98FB-A745EDE450ED}"
EndProject
Project("{9A19103F-16F7-4668-BE54-9A1E7A4F7556}") = "Julio.Acesso.Application", "src\Julio.Acesso.Application\Julio.Acesso.Application.csproj", "{D628F0C2-8118-4E66-BCD6-DFFA9FB4C10F}"
EndProject
Project("{2150E333-8FDC-42A3-9474-1A3956D46DE8}") = "Acesso", "Acesso", "{FC9D0201-7720-4088-AE6A-0AC641906F5C}"
EndProject
Project("{9A19103F-16F7-4668-BE54-9A1E7A4F7556}") = "Julio.Jobs.Web", "src\Julio.Jobs.Web\Julio.Jobs.Web.csproj", "{81269CBB-4F4B-4EBC-90D7-A396985A69C2}"
EndProject
Project("{9A19103F-16F7-4668-BE54-9A1E7A4F7556}") = "Julio.Jobs.Api", "src\Julio.Jobs.Api\Julio.Jobs.Api.csproj", "{37B245B9-8279-46F7-BA14-E2CE7E37D070}"
EndProject
Project("{9A19103F-16F7-4668-BE54-9A1E7A4F7556}") = "Julio.Botmaker.ConsoleTestes", "src\Julio.Botmaker.ConsoleTestes\Julio.Botmaker.ConsoleTestes.csproj", "{5C9D5C2C-B301-4EB9-BD98-2C7CE2F48108}"
EndProject
Project("{2150E333-8FDC-42A3-9474-1A3956D46DE8}") = "Botmaker", "Botmaker", "{502D7C87-8BB1-4F42-8042-C52069DF38B9}"
EndProject
Project("{9A19103F-16F7-4668-BE54-9A1E7A4F7556}") = "Julio.Botmaker.IoC", "src\Julio.Botmaker.IoC\Julio.Botmaker.IoC.csproj", "{6DE50B8F-7E76-4ACB-B288-69482BDECB7E}"
EndProject
Project("{2150E333-8FDC-42A3-9474-1A3956D46DE8}") = "Botmaker", "Botmaker", "{87EA952F-9D38-4707-A320-2E738924646C}"
EndProject
Project("{9A19103F-16F7-4668-BE54-9A1E7A4F7556}") = "Julio.Botmaker.Application", "src\Julio.Botmaker.Application\Julio.Botmaker.Application.csproj", "{7A109D8D-7E76-4F86-82F9-15080289E724}"
EndProject
Project("{FAE04EC0-301F-11D3-BF4B-00C04F79EFBC}") = "Julio.Usuarios.Dados.Leitura", "src\Julio.Usuarios.Dados.Leitura\Julio.Usuarios.Dados.Leitura.csproj", "{3D468762-CEE0-4C4C-AEDE-7DDD6990AFB3}"
EndProject
Project("{2150E333-8FDC-42A3-9474-1A3956D46DE8}") = "Usuarios", "Usuarios", "{3E168E3B-F3D7-4951-BFA3-1414600D4197}"
EndProject
Global
	GlobalSection(SolutionConfigurationPlatforms) = preSolution
		Debug|Any CPU = Debug|Any CPU
		Release|Any CPU = Release|Any CPU
	EndGlobalSection
	GlobalSection(ProjectConfigurationPlatforms) = postSolution
		{FD47F945-E941-4577-9B58-229BBC9DE513}.Debug|Any CPU.ActiveCfg = Debug|Any CPU
		{FD47F945-E941-4577-9B58-229BBC9DE513}.Debug|Any CPU.Build.0 = Debug|Any CPU
		{FD47F945-E941-4577-9B58-229BBC9DE513}.Release|Any CPU.ActiveCfg = Release|Any CPU
		{FD47F945-E941-4577-9B58-229BBC9DE513}.Release|Any CPU.Build.0 = Release|Any CPU
		{D22329B6-A823-4E8A-923E-7A31BC166CF7}.Debug|Any CPU.ActiveCfg = Debug|Any CPU
		{D22329B6-A823-4E8A-923E-7A31BC166CF7}.Debug|Any CPU.Build.0 = Debug|Any CPU
		{D22329B6-A823-4E8A-923E-7A31BC166CF7}.Release|Any CPU.ActiveCfg = Release|Any CPU
		{D22329B6-A823-4E8A-923E-7A31BC166CF7}.Release|Any CPU.Build.0 = Release|Any CPU
		{42CCD075-2E08-4FDC-98B1-D097F2482F9E}.Debug|Any CPU.ActiveCfg = Debug|Any CPU
		{42CCD075-2E08-4FDC-98B1-D097F2482F9E}.Debug|Any CPU.Build.0 = Debug|Any CPU
		{42CCD075-2E08-4FDC-98B1-D097F2482F9E}.Release|Any CPU.ActiveCfg = Release|Any CPU
		{42CCD075-2E08-4FDC-98B1-D097F2482F9E}.Release|Any CPU.Build.0 = Release|Any CPU
		{D337E03D-7D18-4EEE-966D-96C8F635210B}.Debug|Any CPU.ActiveCfg = Debug|Any CPU
		{D337E03D-7D18-4EEE-966D-96C8F635210B}.Debug|Any CPU.Build.0 = Debug|Any CPU
		{D337E03D-7D18-4EEE-966D-96C8F635210B}.Release|Any CPU.ActiveCfg = Release|Any CPU
		{D337E03D-7D18-4EEE-966D-96C8F635210B}.Release|Any CPU.Build.0 = Release|Any CPU
		{5AC9F427-AAC2-43CF-A40B-6E9A675C3986}.Debug|Any CPU.ActiveCfg = Debug|Any CPU
		{5AC9F427-AAC2-43CF-A40B-6E9A675C3986}.Debug|Any CPU.Build.0 = Debug|Any CPU
		{5AC9F427-AAC2-43CF-A40B-6E9A675C3986}.Release|Any CPU.ActiveCfg = Release|Any CPU
		{5AC9F427-AAC2-43CF-A40B-6E9A675C3986}.Release|Any CPU.Build.0 = Release|Any CPU
		{1A8178D3-4C4A-4A87-9EB4-93650DF8930D}.Debug|Any CPU.ActiveCfg = Debug|Any CPU
		{1A8178D3-4C4A-4A87-9EB4-93650DF8930D}.Debug|Any CPU.Build.0 = Debug|Any CPU
		{1A8178D3-4C4A-4A87-9EB4-93650DF8930D}.Release|Any CPU.ActiveCfg = Release|Any CPU
		{1A8178D3-4C4A-4A87-9EB4-93650DF8930D}.Release|Any CPU.Build.0 = Release|Any CPU
		{46A9C808-252D-443D-AE7E-AAD3586F6AF6}.Debug|Any CPU.ActiveCfg = Debug|Any CPU
		{46A9C808-252D-443D-AE7E-AAD3586F6AF6}.Debug|Any CPU.Build.0 = Debug|Any CPU
		{46A9C808-252D-443D-AE7E-AAD3586F6AF6}.Release|Any CPU.ActiveCfg = Release|Any CPU
		{46A9C808-252D-443D-AE7E-AAD3586F6AF6}.Release|Any CPU.Build.0 = Release|Any CPU
		{4D147CF3-CC0D-492D-9341-ACA764AF2D77}.Debug|Any CPU.ActiveCfg = Debug|Any CPU
		{4D147CF3-CC0D-492D-9341-ACA764AF2D77}.Debug|Any CPU.Build.0 = Debug|Any CPU
		{4D147CF3-CC0D-492D-9341-ACA764AF2D77}.Release|Any CPU.ActiveCfg = Release|Any CPU
		{4D147CF3-CC0D-492D-9341-ACA764AF2D77}.Release|Any CPU.Build.0 = Release|Any CPU
		{5877A605-8B3A-4292-9E2F-93AB8774B474}.Debug|Any CPU.ActiveCfg = Debug|Any CPU
		{5877A605-8B3A-4292-9E2F-93AB8774B474}.Debug|Any CPU.Build.0 = Debug|Any CPU
		{5877A605-8B3A-4292-9E2F-93AB8774B474}.Release|Any CPU.ActiveCfg = Release|Any CPU
		{5877A605-8B3A-4292-9E2F-93AB8774B474}.Release|Any CPU.Build.0 = Release|Any CPU
		{F0E5678B-98DB-4768-9671-2BD8DD9299B4}.Debug|Any CPU.ActiveCfg = Debug|Any CPU
		{F0E5678B-98DB-4768-9671-2BD8DD9299B4}.Debug|Any CPU.Build.0 = Debug|Any CPU
		{F0E5678B-98DB-4768-9671-2BD8DD9299B4}.Release|Any CPU.ActiveCfg = Release|Any CPU
		{F0E5678B-98DB-4768-9671-2BD8DD9299B4}.Release|Any CPU.Build.0 = Release|Any CPU
		{80AA684A-96B9-4F89-96B8-7E5A10C7150A}.Debug|Any CPU.ActiveCfg = Debug|Any CPU
		{80AA684A-96B9-4F89-96B8-7E5A10C7150A}.Debug|Any CPU.Build.0 = Debug|Any CPU
		{80AA684A-96B9-4F89-96B8-7E5A10C7150A}.Release|Any CPU.ActiveCfg = Release|Any CPU
		{80AA684A-96B9-4F89-96B8-7E5A10C7150A}.Release|Any CPU.Build.0 = Release|Any CPU
		{42853471-81E9-4264-A2EE-774285898E2A}.Debug|Any CPU.ActiveCfg = Debug|Any CPU
		{42853471-81E9-4264-A2EE-774285898E2A}.Debug|Any CPU.Build.0 = Debug|Any CPU
		{42853471-81E9-4264-A2EE-774285898E2A}.Release|Any CPU.ActiveCfg = Release|Any CPU
		{42853471-81E9-4264-A2EE-774285898E2A}.Release|Any CPU.Build.0 = Release|Any CPU
		{543E2CD6-7499-4AA7-98FB-A745EDE450ED}.Debug|Any CPU.ActiveCfg = Debug|Any CPU
		{543E2CD6-7499-4AA7-98FB-A745EDE450ED}.Debug|Any CPU.Build.0 = Debug|Any CPU
		{543E2CD6-7499-4AA7-98FB-A745EDE450ED}.Release|Any CPU.ActiveCfg = Release|Any CPU
		{543E2CD6-7499-4AA7-98FB-A745EDE450ED}.Release|Any CPU.Build.0 = Release|Any CPU
		{D628F0C2-8118-4E66-BCD6-DFFA9FB4C10F}.Debug|Any CPU.ActiveCfg = Debug|Any CPU
		{D628F0C2-8118-4E66-BCD6-DFFA9FB4C10F}.Debug|Any CPU.Build.0 = Debug|Any CPU
		{D628F0C2-8118-4E66-BCD6-DFFA9FB4C10F}.Release|Any CPU.ActiveCfg = Release|Any CPU
		{D628F0C2-8118-4E66-BCD6-DFFA9FB4C10F}.Release|Any CPU.Build.0 = Release|Any CPU
		{81269CBB-4F4B-4EBC-90D7-A396985A69C2}.Debug|Any CPU.ActiveCfg = Debug|Any CPU
		{81269CBB-4F4B-4EBC-90D7-A396985A69C2}.Debug|Any CPU.Build.0 = Debug|Any CPU
		{81269CBB-4F4B-4EBC-90D7-A396985A69C2}.Release|Any CPU.ActiveCfg = Release|Any CPU
		{81269CBB-4F4B-4EBC-90D7-A396985A69C2}.Release|Any CPU.Build.0 = Release|Any CPU
		{37B245B9-8279-46F7-BA14-E2CE7E37D070}.Debug|Any CPU.ActiveCfg = Debug|Any CPU
		{37B245B9-8279-46F7-BA14-E2CE7E37D070}.Debug|Any CPU.Build.0 = Debug|Any CPU
		{37B245B9-8279-46F7-BA14-E2CE7E37D070}.Release|Any CPU.ActiveCfg = Release|Any CPU
		{37B245B9-8279-46F7-BA14-E2CE7E37D070}.Release|Any CPU.Build.0 = Release|Any CPU
		{5C9D5C2C-B301-4EB9-BD98-2C7CE2F48108}.Debug|Any CPU.ActiveCfg = Debug|Any CPU
		{5C9D5C2C-B301-4EB9-BD98-2C7CE2F48108}.Debug|Any CPU.Build.0 = Debug|Any CPU
		{5C9D5C2C-B301-4EB9-BD98-2C7CE2F48108}.Release|Any CPU.ActiveCfg = Release|Any CPU
		{5C9D5C2C-B301-4EB9-BD98-2C7CE2F48108}.Release|Any CPU.Build.0 = Release|Any CPU
		{6DE50B8F-7E76-4ACB-B288-69482BDECB7E}.Debug|Any CPU.ActiveCfg = Debug|Any CPU
		{6DE50B8F-7E76-4ACB-B288-69482BDECB7E}.Debug|Any CPU.Build.0 = Debug|Any CPU
		{6DE50B8F-7E76-4ACB-B288-69482BDECB7E}.Release|Any CPU.ActiveCfg = Release|Any CPU
		{6DE50B8F-7E76-4ACB-B288-69482BDECB7E}.Release|Any CPU.Build.0 = Release|Any CPU
		{7A109D8D-7E76-4F86-82F9-15080289E724}.Debug|Any CPU.ActiveCfg = Debug|Any CPU
		{7A109D8D-7E76-4F86-82F9-15080289E724}.Debug|Any CPU.Build.0 = Debug|Any CPU
		{7A109D8D-7E76-4F86-82F9-15080289E724}.Release|Any CPU.ActiveCfg = Release|Any CPU
		{7A109D8D-7E76-4F86-82F9-15080289E724}.Release|Any CPU.Build.0 = Release|Any CPU
		{3D468762-CEE0-4C4C-AEDE-7DDD6990AFB3}.Debug|Any CPU.ActiveCfg = Debug|Any CPU
		{3D468762-CEE0-4C4C-AEDE-7DDD6990AFB3}.Debug|Any CPU.Build.0 = Debug|Any CPU
		{3D468762-CEE0-4C4C-AEDE-7DDD6990AFB3}.Release|Any CPU.ActiveCfg = Release|Any CPU
		{3D468762-CEE0-4C4C-AEDE-7DDD6990AFB3}.Release|Any CPU.Build.0 = Release|Any CPU
	EndGlobalSection
	GlobalSection(SolutionProperties) = preSolution
		HideSolutionNode = FALSE
	EndGlobalSection
	GlobalSection(NestedProjects) = preSolution
		{67E1DEA1-F354-478F-897D-A99D46AC4A25} = {BA4C73B5-5886-4BC0-9201-B60297E8FA07}
		{FD47F945-E941-4577-9B58-229BBC9DE513} = {67E1DEA1-F354-478F-897D-A99D46AC4A25}
		{D22329B6-A823-4E8A-923E-7A31BC166CF7} = {67E1DEA1-F354-478F-897D-A99D46AC4A25}
		{180D0639-AC0A-4F98-ADE7-BE4AC457594A} = {0DF06FE8-4877-40D4-958C-8A2C660484EE}
		{42CCD075-2E08-4FDC-98B1-D097F2482F9E} = {9673C474-251F-471B-833D-1FC3A176B351}
		{D337E03D-7D18-4EEE-966D-96C8F635210B} = {A471307C-CA07-4910-BD47-5BAC17F24F10}
		{5AC9F427-AAC2-43CF-A40B-6E9A675C3986} = {A471307C-CA07-4910-BD47-5BAC17F24F10}
		{A471307C-CA07-4910-BD47-5BAC17F24F10} = {D5BF7E78-BFEE-40C8-8998-2FFC84424A6B}
		{9673C474-251F-471B-833D-1FC3A176B351} = {D5BF7E78-BFEE-40C8-8998-2FFC84424A6B}
		{1A8178D3-4C4A-4A87-9EB4-93650DF8930D} = {BA4C73B5-5886-4BC0-9201-B60297E8FA07}
		{46A9C808-252D-443D-AE7E-AAD3586F6AF6} = {9673C474-251F-471B-833D-1FC3A176B351}
		{4D147CF3-CC0D-492D-9341-ACA764AF2D77} = {180D0639-AC0A-4F98-ADE7-BE4AC457594A}
		{5877A605-8B3A-4292-9E2F-93AB8774B474} = {9673C474-251F-471B-833D-1FC3A176B351}
		{F0E5678B-98DB-4768-9671-2BD8DD9299B4} = {A471307C-CA07-4910-BD47-5BAC17F24F10}
		{80AA684A-96B9-4F89-96B8-7E5A10C7150A} = {A471307C-CA07-4910-BD47-5BAC17F24F10}
		{42853471-81E9-4264-A2EE-774285898E2A} = {180D0639-AC0A-4F98-ADE7-BE4AC457594A}
		{441DC52A-BE8E-489F-91F7-EC43CCDCF476} = {D5BF7E78-BFEE-40C8-8998-2FFC84424A6B}
		{543E2CD6-7499-4AA7-98FB-A745EDE450ED} = {441DC52A-BE8E-489F-91F7-EC43CCDCF476}
		{D628F0C2-8118-4E66-BCD6-DFFA9FB4C10F} = {FC9D0201-7720-4088-AE6A-0AC641906F5C}
		{FC9D0201-7720-4088-AE6A-0AC641906F5C} = {BA4C73B5-5886-4BC0-9201-B60297E8FA07}
		{81269CBB-4F4B-4EBC-90D7-A396985A69C2} = {0DF06FE8-4877-40D4-958C-8A2C660484EE}
		{37B245B9-8279-46F7-BA14-E2CE7E37D070} = {0DF06FE8-4877-40D4-958C-8A2C660484EE}
		{5C9D5C2C-B301-4EB9-BD98-2C7CE2F48108} = {180D0639-AC0A-4F98-ADE7-BE4AC457594A}
		{502D7C87-8BB1-4F42-8042-C52069DF38B9} = {D5BF7E78-BFEE-40C8-8998-2FFC84424A6B}
		{6DE50B8F-7E76-4ACB-B288-69482BDECB7E} = {502D7C87-8BB1-4F42-8042-C52069DF38B9}
		{87EA952F-9D38-4707-A320-2E738924646C} = {BA4C73B5-5886-4BC0-9201-B60297E8FA07}
		{7A109D8D-7E76-4F86-82F9-15080289E724} = {87EA952F-9D38-4707-A320-2E738924646C}
		{3D468762-CEE0-4C4C-AEDE-7DDD6990AFB3} = {3E168E3B-F3D7-4951-BFA3-1414600D4197}
		{3E168E3B-F3D7-4951-BFA3-1414600D4197} = {D5BF7E78-BFEE-40C8-8998-2FFC84424A6B}
	EndGlobalSection
	GlobalSection(ExtensibilityGlobals) = postSolution
		SolutionGuid = {CD9DC786-D91E-4431-BAAD-4D4C00C5C2B1}
	EndGlobalSection
EndGlobal
