
Microsoft Visual Studio Solution File, Format Version 12.00
# Visual Studio Version 17
VisualStudioVersion = 17.2.32602.215
MinimumVisualStudioVersion = 10.0.40219.1
Project("{2150E333-8FDC-42A3-9474-1A3956D46DE8}") = "1. UIs", "1. UIs", "{0DF06FE8-4877-40D4-958C-8A2C660484EE}"
EndProject
Project("{2150E333-8FDC-42A3-9474-1A3956D46DE8}") = "Application", "Application", "{67E1DEA1-F354-478F-897D-A99D46AC4A25}"
EndProject
Project("{2150E333-8FDC-42A3-9474-1A3956D46DE8}") = "Core", "Core", "{BA4C73B5-5886-4BC0-9201-B60297E8FA07}"
EndProject
Project("{2150E333-8FDC-42A3-9474-1A3956D46DE8}") = "Infra", "Infra", "{D5BF7E78-BFEE-40C8-8998-2FFC84424A6B}"
EndProject
Project("{2150E333-8FDC-42A3-9474-1A3956D46DE8}") = "Solution Items", "Solution Items", "{C30C12C1-7234-4CC4-A99C-D3D077FFE28F}"
	ProjectSection(SolutionItems) = preProject
		.editorconfig = .editorconfig
	EndProjectSection
EndProject
Project("{2150E333-8FDC-42A3-9474-1A3956D46DE8}") = "2. Services", "2. Services", "{F85F6353-2238-427B-9CCF-44E0DB7DD582}"
EndProject
Project("{9A19103F-16F7-4668-BE54-9A1E7A4F7556}") = "Lopes.SC.Infra.IoC", "src\Lopes.SC.Infra.IoC\Lopes.SC.Infra.IoC.csproj", "{B3BD8547-551E-4962-A837-8DF279FC7D6F}"
EndProject
Project("{9A19103F-16F7-4668-BE54-9A1E7A4F7556}") = "Lopes.SC.Infra.Data", "src\Lopes.SC.Infra.Data\Lopes.SC.Infra.Data.csproj", "{0EA037BD-9624-4697-9561-586ACF785AE2}"
EndProject
Project("{9A19103F-16F7-4668-BE54-9A1E7A4F7556}") = "Lopes.SC.Infra.XML", "src\Lopes.SC.Infra.XML\Lopes.SC.Infra.XML.csproj", "{6C354FC6-7DE6-471A-981C-03464ADC918C}"
EndProject
Project("{9A19103F-16F7-4668-BE54-9A1E7A4F7556}") = "Lopes.SC.Domain.Commons", "src\Lopes.SC.Domain.Commons\Lopes.SC.Domain.Commons.csproj", "{1DA9B66C-987B-49E9-A6C6-A47746CC9CE2}"
EndProject
Project("{9A19103F-16F7-4668-BE54-9A1E7A4F7556}") = "Lopes.SC.Infra.ConsoleCommons", "src\Lopes.SC.Infra.Console.Commons\Lopes.SC.Infra.ConsoleCommons.csproj", "{24A18421-7694-46DC-9412-52719C508EA1}"
EndProject
Project("{9A19103F-16F7-4668-BE54-9A1E7A4F7556}") = "Lopes.SC.Jobs.Testes", "src\Lopes.SC.Anuncio.Domain.Testes\Lopes.SC.Jobs.Testes.csproj", "{168E2676-0A23-4E7E-8E15-E8C556972D5F}"
EndProject
Project("{9A19103F-16F7-4668-BE54-9A1E7A4F7556}") = "Lopes.SC.Anuncio.ConsoleTestes", "src\Lopes.SC.Anuncio.ConsoleTestes\Lopes.SC.Anuncio.ConsoleTestes.csproj", "{4EFCFDBD-A4B2-428E-89BD-4743B8F062FF}"
EndProject
Project("{9A19103F-16F7-4668-BE54-9A1E7A4F7556}") = "Lopes.SC.Anuncio.Api", "src\Lopes.SC.Anuncio.Api\Lopes.SC.Anuncio.Api.csproj", "{4E76A2D5-95C1-41BE-90FD-4342560B8019}"
EndProject
Project("{9A19103F-16F7-4668-BE54-9A1E7A4F7556}") = "Lopes.SC.Anuncio.Application", "src\Lopes.SC.Anuncio.Application\Lopes.SC.Anuncio.Application.csproj", "{FD47F945-E941-4577-9B58-229BBC9DE513}"
EndProject
Project("{9A19103F-16F7-4668-BE54-9A1E7A4F7556}") = "Lopes.SC.Anuncio.Domain", "src\Lopes.SC.Anuncio.Domain\Lopes.SC.Anuncio.Domain.csproj", "{D22329B6-A823-4E8A-923E-7A31BC166CF7}"
EndProject
Project("{2150E333-8FDC-42A3-9474-1A3956D46DE8}") = "Domain", "Domain", "{DCA8B7D9-EB18-4154-A27E-2328605C2FF9}"
EndProject
Global
	GlobalSection(SolutionConfigurationPlatforms) = preSolution
		Debug|Any CPU = Debug|Any CPU
		Release|Any CPU = Release|Any CPU
	EndGlobalSection
	GlobalSection(ProjectConfigurationPlatforms) = postSolution
		{B3BD8547-551E-4962-A837-8DF279FC7D6F}.Debug|Any CPU.ActiveCfg = Debug|Any CPU
		{B3BD8547-551E-4962-A837-8DF279FC7D6F}.Debug|Any CPU.Build.0 = Debug|Any CPU
		{B3BD8547-551E-4962-A837-8DF279FC7D6F}.Release|Any CPU.ActiveCfg = Release|Any CPU
		{B3BD8547-551E-4962-A837-8DF279FC7D6F}.Release|Any CPU.Build.0 = Release|Any CPU
		{0EA037BD-9624-4697-9561-586ACF785AE2}.Debug|Any CPU.ActiveCfg = Debug|Any CPU
		{0EA037BD-9624-4697-9561-586ACF785AE2}.Debug|Any CPU.Build.0 = Debug|Any CPU
		{0EA037BD-9624-4697-9561-586ACF785AE2}.Release|Any CPU.ActiveCfg = Release|Any CPU
		{0EA037BD-9624-4697-9561-586ACF785AE2}.Release|Any CPU.Build.0 = Release|Any CPU
		{6C354FC6-7DE6-471A-981C-03464ADC918C}.Debug|Any CPU.ActiveCfg = Debug|Any CPU
		{6C354FC6-7DE6-471A-981C-03464ADC918C}.Debug|Any CPU.Build.0 = Debug|Any CPU
		{6C354FC6-7DE6-471A-981C-03464ADC918C}.Release|Any CPU.ActiveCfg = Release|Any CPU
		{6C354FC6-7DE6-471A-981C-03464ADC918C}.Release|Any CPU.Build.0 = Release|Any CPU
		{1DA9B66C-987B-49E9-A6C6-A47746CC9CE2}.Debug|Any CPU.ActiveCfg = Debug|Any CPU
		{1DA9B66C-987B-49E9-A6C6-A47746CC9CE2}.Debug|Any CPU.Build.0 = Debug|Any CPU
		{1DA9B66C-987B-49E9-A6C6-A47746CC9CE2}.Release|Any CPU.ActiveCfg = Release|Any CPU
		{1DA9B66C-987B-49E9-A6C6-A47746CC9CE2}.Release|Any CPU.Build.0 = Release|Any CPU
		{24A18421-7694-46DC-9412-52719C508EA1}.Debug|Any CPU.ActiveCfg = Debug|Any CPU
		{24A18421-7694-46DC-9412-52719C508EA1}.Debug|Any CPU.Build.0 = Debug|Any CPU
		{24A18421-7694-46DC-9412-52719C508EA1}.Release|Any CPU.ActiveCfg = Release|Any CPU
		{24A18421-7694-46DC-9412-52719C508EA1}.Release|Any CPU.Build.0 = Release|Any CPU
		{168E2676-0A23-4E7E-8E15-E8C556972D5F}.Debug|Any CPU.ActiveCfg = Debug|Any CPU
		{168E2676-0A23-4E7E-8E15-E8C556972D5F}.Debug|Any CPU.Build.0 = Debug|Any CPU
		{168E2676-0A23-4E7E-8E15-E8C556972D5F}.Release|Any CPU.ActiveCfg = Release|Any CPU
		{168E2676-0A23-4E7E-8E15-E8C556972D5F}.Release|Any CPU.Build.0 = Release|Any CPU
		{4EFCFDBD-A4B2-428E-89BD-4743B8F062FF}.Debug|Any CPU.ActiveCfg = Debug|Any CPU
		{4EFCFDBD-A4B2-428E-89BD-4743B8F062FF}.Debug|Any CPU.Build.0 = Debug|Any CPU
		{4EFCFDBD-A4B2-428E-89BD-4743B8F062FF}.Release|Any CPU.ActiveCfg = Release|Any CPU
		{4EFCFDBD-A4B2-428E-89BD-4743B8F062FF}.Release|Any CPU.Build.0 = Release|Any CPU
		{4E76A2D5-95C1-41BE-90FD-4342560B8019}.Debug|Any CPU.ActiveCfg = Debug|Any CPU
		{4E76A2D5-95C1-41BE-90FD-4342560B8019}.Debug|Any CPU.Build.0 = Debug|Any CPU
		{4E76A2D5-95C1-41BE-90FD-4342560B8019}.Release|Any CPU.ActiveCfg = Release|Any CPU
		{4E76A2D5-95C1-41BE-90FD-4342560B8019}.Release|Any CPU.Build.0 = Release|Any CPU
		{FD47F945-E941-4577-9B58-229BBC9DE513}.Debug|Any CPU.ActiveCfg = Debug|Any CPU
		{FD47F945-E941-4577-9B58-229BBC9DE513}.Debug|Any CPU.Build.0 = Debug|Any CPU
		{FD47F945-E941-4577-9B58-229BBC9DE513}.Release|Any CPU.ActiveCfg = Release|Any CPU
		{FD47F945-E941-4577-9B58-229BBC9DE513}.Release|Any CPU.Build.0 = Release|Any CPU
		{D22329B6-A823-4E8A-923E-7A31BC166CF7}.Debug|Any CPU.ActiveCfg = Debug|Any CPU
		{D22329B6-A823-4E8A-923E-7A31BC166CF7}.Debug|Any CPU.Build.0 = Debug|Any CPU
		{D22329B6-A823-4E8A-923E-7A31BC166CF7}.Release|Any CPU.ActiveCfg = Release|Any CPU
		{D22329B6-A823-4E8A-923E-7A31BC166CF7}.Release|Any CPU.Build.0 = Release|Any CPU
	EndGlobalSection
	GlobalSection(SolutionProperties) = preSolution
		HideSolutionNode = FALSE
	EndGlobalSection
	GlobalSection(NestedProjects) = preSolution
		{67E1DEA1-F354-478F-897D-A99D46AC4A25} = {BA4C73B5-5886-4BC0-9201-B60297E8FA07}
		{B3BD8547-551E-4962-A837-8DF279FC7D6F} = {D5BF7E78-BFEE-40C8-8998-2FFC84424A6B}
		{0EA037BD-9624-4697-9561-586ACF785AE2} = {D5BF7E78-BFEE-40C8-8998-2FFC84424A6B}
		{6C354FC6-7DE6-471A-981C-03464ADC918C} = {D5BF7E78-BFEE-40C8-8998-2FFC84424A6B}
		{1DA9B66C-987B-49E9-A6C6-A47746CC9CE2} = {DCA8B7D9-EB18-4154-A27E-2328605C2FF9}
		{24A18421-7694-46DC-9412-52719C508EA1} = {D5BF7E78-BFEE-40C8-8998-2FFC84424A6B}
		{168E2676-0A23-4E7E-8E15-E8C556972D5F} = {0DF06FE8-4877-40D4-958C-8A2C660484EE}
		{4EFCFDBD-A4B2-428E-89BD-4743B8F062FF} = {0DF06FE8-4877-40D4-958C-8A2C660484EE}
		{4E76A2D5-95C1-41BE-90FD-4342560B8019} = {F85F6353-2238-427B-9CCF-44E0DB7DD582}
		{FD47F945-E941-4577-9B58-229BBC9DE513} = {67E1DEA1-F354-478F-897D-A99D46AC4A25}
		{D22329B6-A823-4E8A-923E-7A31BC166CF7} = {DCA8B7D9-EB18-4154-A27E-2328605C2FF9}
		{DCA8B7D9-EB18-4154-A27E-2328605C2FF9} = {BA4C73B5-5886-4BC0-9201-B60297E8FA07}
	EndGlobalSection
	GlobalSection(ExtensibilityGlobals) = postSolution
		SolutionGuid = {CD9DC786-D91E-4431-BAAD-4D4C00C5C2B1}
	EndGlobalSection
EndGlobal
