
Microsoft Visual Studio Solution File, Format Version 12.00
# Visual Studio Version 17
VisualStudioVersion = 17.2.32602.215
MinimumVisualStudioVersion = 10.0.40219.1
Project("{2150E333-8FDC-42A3-9474-1A3956D46DE8}") = "APIs e UIs", "APIs e UIs", "{0DF06FE8-4877-40D4-958C-8A2C660484EE}"
EndProject
Project("{2150E333-8FDC-42A3-9474-1A3956D46DE8}") = "Anuncio", "Anuncio", "{67E1DEA1-F354-478F-897D-A99D46AC4A25}"
EndProject
Project("{2150E333-8FDC-42A3-9474-1A3956D46DE8}") = "Domínios", "Domínios", "{BA4C73B5-5886-4BC0-9201-B60297E8FA07}"
EndProject
Project("{2150E333-8FDC-42A3-9474-1A3956D46DE8}") = "Infraestrutura", "Infraestrutura", "{D5BF7E78-BFEE-40C8-8998-2FFC84424A6B}"
EndProject
Project("{2150E333-8FDC-42A3-9474-1A3956D46DE8}") = "Solution Items", "Solution Items", "{C30C12C1-7234-4CC4-A99C-D3D077FFE28F}"
	ProjectSection(SolutionItems) = preProject
		.editorconfig = .editorconfig
		TODO.txt = TODO.txt
	EndProjectSection
EndProject
Project("{9A19103F-16F7-4668-BE54-9A1E7A4F7556}") = "Lopes.Anuncio.Application", "src\Lopes.Anuncio.Application\Lopes.Anuncio.Application.csproj", "{FD47F945-E941-4577-9B58-229BBC9DE513}"
EndProject
Project("{9A19103F-16F7-4668-BE54-9A1E7A4F7556}") = "Lopes.Anuncio.Domain", "src\Lopes.Anuncio.Domain\Lopes.Anuncio.Domain.csproj", "{D22329B6-A823-4E8A-923E-7A31BC166CF7}"
EndProject
Project("{9A19103F-16F7-4668-BE54-9A1E7A4F7556}") = "Lopes.Jobs", "src\Lopes.Jobs.Api\Lopes.Jobs.csproj", "{63D6C2FA-17B6-46D6-9194-6686DF92A7F3}"
EndProject
Project("{2150E333-8FDC-42A3-9474-1A3956D46DE8}") = "Testes", "Testes", "{180D0639-AC0A-4F98-ADE7-BE4AC457594A}"
EndProject
Project("{9A19103F-16F7-4668-BE54-9A1E7A4F7556}") = "Lopes.Infra.Commons", "src\Lopes.Infra.Commons\Lopes.Infra.Commons.csproj", "{42CCD075-2E08-4FDC-98B1-D097F2482F9E}"
EndProject
Project("{9A19103F-16F7-4668-BE54-9A1E7A4F7556}") = "Lopes.Anuncio.XML", "src\Lopes.Anuncio.XML\Lopes.Anuncio.XML.csproj", "{D337E03D-7D18-4EEE-966D-96C8F635210B}"
EndProject
Project("{9A19103F-16F7-4668-BE54-9A1E7A4F7556}") = "Lopes.Anuncio.IoC", "src\Lopes.Anuncio.IoC\Lopes.Anuncio.IoC.csproj", "{5AC9F427-AAC2-43CF-A40B-6E9A675C3986}"
EndProject
Project("{2150E333-8FDC-42A3-9474-1A3956D46DE8}") = "Anuncio", "Anuncio", "{A471307C-CA07-4910-BD47-5BAC17F24F10}"
EndProject
Project("{2150E333-8FDC-42A3-9474-1A3956D46DE8}") = "Commons", "Commons", "{9673C474-251F-471B-833D-1FC3A176B351}"
EndProject
Project("{9A19103F-16F7-4668-BE54-9A1E7A4F7556}") = "Lopes.Domain.Commons", "src\Lopes.Domain.Commons\Lopes.Domain.Commons.csproj", "{1A8178D3-4C4A-4A87-9EB4-93650DF8930D}"
EndProject
Project("{9A19103F-16F7-4668-BE54-9A1E7A4F7556}") = "Lopes.Infra.ConsoleCommons", "src\Lopes.Infra.ConsoleCommons\Lopes.Infra.ConsoleCommons.csproj", "{46A9C808-252D-443D-AE7E-AAD3586F6AF6}"
EndProject
Project("{9A19103F-16F7-4668-BE54-9A1E7A4F7556}") = "Lopes.Anuncio.Testes", "src\Lopes.Anuncio.Testes\Lopes.Anuncio.Testes.csproj", "{4D147CF3-CC0D-492D-9341-ACA764AF2D77}"
EndProject
Project("{9A19103F-16F7-4668-BE54-9A1E7A4F7556}") = "Lopes.Infra.MemoryCache", "src\Lopes.Infra.MemoryCache\Lopes.Infra.MemoryCache.csproj", "{5877A605-8B3A-4292-9E2F-93AB8774B474}"
EndProject
Project("{9A19103F-16F7-4668-BE54-9A1E7A4F7556}") = "Lopes.Anuncio.Dados.Leitura", "src\Lopes.Anuncio.Dados.Leitura\Lopes.Anuncio.Dados.Leitura.csproj", "{F0E5678B-98DB-4768-9671-2BD8DD9299B4}"
EndProject
Project("{9A19103F-16F7-4668-BE54-9A1E7A4F7556}") = "Lopes.Anuncio.Repositorio", "src\Lopes.Anuncio.Repositorio\Lopes.Anuncio.Repositorio.csproj", "{80AA684A-96B9-4F89-96B8-7E5A10C7150A}"
EndProject
Project("{9A19103F-16F7-4668-BE54-9A1E7A4F7556}") = "Lopes.Anuncio.ConsoleTestes", "src\Lopes.Anuncio.ConsoleTestes\Lopes.Anuncio.ConsoleTestes.csproj", "{42853471-81E9-4264-A2EE-774285898E2A}"
EndProject
Project("{9A19103F-16F7-4668-BE54-9A1E7A4F7556}") = "Lopes.Infra.Auth.Jwt", "src\Lopes.Infra.Auth\Lopes.Infra.Auth.Jwt.csproj", "{FE050C31-DF5B-4C20-8102-1B6E8BE898E4}"
EndProject
Project("{2150E333-8FDC-42A3-9474-1A3956D46DE8}") = "Acesso", "Acesso", "{441DC52A-BE8E-489F-91F7-EC43CCDCF476}"
EndProject
Project("{9A19103F-16F7-4668-BE54-9A1E7A4F7556}") = "Lopes.Acesso.Dados", "src\Lopes.Acesso.Dados\Lopes.Acesso.Dados.csproj", "{543E2CD6-7499-4AA7-98FB-A745EDE450ED}"
EndProject
Project("{FAE04EC0-301F-11D3-BF4B-00C04F79EFBC}") = "Lopes.Acesso.Application", "src\Lopes.Acesso.Application\Lopes.Acesso.Application.csproj", "{D628F0C2-8118-4E66-BCD6-DFFA9FB4C10F}"
EndProject
Project("{2150E333-8FDC-42A3-9474-1A3956D46DE8}") = "Acesso", "Acesso", "{FC9D0201-7720-4088-AE6A-0AC641906F5C}"
EndProject
Project("{FAE04EC0-301F-11D3-BF4B-00C04F79EFBC}") = "Lopes.Acesso.Domain", "src\Lopes.Acesso.Domain\Lopes.Acesso.Domain.csproj", "{3ED2B4B1-8123-4751-A806-710B1A18E95C}"
EndProject
Global
	GlobalSection(SolutionConfigurationPlatforms) = preSolution
		Debug|Any CPU = Debug|Any CPU
		Release|Any CPU = Release|Any CPU
	EndGlobalSection
	GlobalSection(ProjectConfigurationPlatforms) = postSolution
		{FD47F945-E941-4577-9B58-229BBC9DE513}.Debug|Any CPU.ActiveCfg = Debug|Any CPU
		{FD47F945-E941-4577-9B58-229BBC9DE513}.Debug|Any CPU.Build.0 = Debug|Any CPU
		{FD47F945-E941-4577-9B58-229BBC9DE513}.Release|Any CPU.ActiveCfg = Release|Any CPU
		{FD47F945-E941-4577-9B58-229BBC9DE513}.Release|Any CPU.Build.0 = Release|Any CPU
		{D22329B6-A823-4E8A-923E-7A31BC166CF7}.Debug|Any CPU.ActiveCfg = Debug|Any CPU
		{D22329B6-A823-4E8A-923E-7A31BC166CF7}.Debug|Any CPU.Build.0 = Debug|Any CPU
		{D22329B6-A823-4E8A-923E-7A31BC166CF7}.Release|Any CPU.ActiveCfg = Release|Any CPU
		{D22329B6-A823-4E8A-923E-7A31BC166CF7}.Release|Any CPU.Build.0 = Release|Any CPU
		{63D6C2FA-17B6-46D6-9194-6686DF92A7F3}.Debug|Any CPU.ActiveCfg = Debug|Any CPU
		{63D6C2FA-17B6-46D6-9194-6686DF92A7F3}.Debug|Any CPU.Build.0 = Debug|Any CPU
		{63D6C2FA-17B6-46D6-9194-6686DF92A7F3}.Release|Any CPU.ActiveCfg = Release|Any CPU
		{63D6C2FA-17B6-46D6-9194-6686DF92A7F3}.Release|Any CPU.Build.0 = Release|Any CPU
		{42CCD075-2E08-4FDC-98B1-D097F2482F9E}.Debug|Any CPU.ActiveCfg = Debug|Any CPU
		{42CCD075-2E08-4FDC-98B1-D097F2482F9E}.Debug|Any CPU.Build.0 = Debug|Any CPU
		{42CCD075-2E08-4FDC-98B1-D097F2482F9E}.Release|Any CPU.ActiveCfg = Release|Any CPU
		{42CCD075-2E08-4FDC-98B1-D097F2482F9E}.Release|Any CPU.Build.0 = Release|Any CPU
		{D337E03D-7D18-4EEE-966D-96C8F635210B}.Debug|Any CPU.ActiveCfg = Debug|Any CPU
		{D337E03D-7D18-4EEE-966D-96C8F635210B}.Debug|Any CPU.Build.0 = Debug|Any CPU
		{D337E03D-7D18-4EEE-966D-96C8F635210B}.Release|Any CPU.ActiveCfg = Release|Any CPU
		{D337E03D-7D18-4EEE-966D-96C8F635210B}.Release|Any CPU.Build.0 = Release|Any CPU
		{5AC9F427-AAC2-43CF-A40B-6E9A675C3986}.Debug|Any CPU.ActiveCfg = Debug|Any CPU
		{5AC9F427-AAC2-43CF-A40B-6E9A675C3986}.Debug|Any CPU.Build.0 = Debug|Any CPU
		{5AC9F427-AAC2-43CF-A40B-6E9A675C3986}.Release|Any CPU.ActiveCfg = Release|Any CPU
		{5AC9F427-AAC2-43CF-A40B-6E9A675C3986}.Release|Any CPU.Build.0 = Release|Any CPU
		{1A8178D3-4C4A-4A87-9EB4-93650DF8930D}.Debug|Any CPU.ActiveCfg = Debug|Any CPU
		{1A8178D3-4C4A-4A87-9EB4-93650DF8930D}.Debug|Any CPU.Build.0 = Debug|Any CPU
		{1A8178D3-4C4A-4A87-9EB4-93650DF8930D}.Release|Any CPU.ActiveCfg = Release|Any CPU
		{1A8178D3-4C4A-4A87-9EB4-93650DF8930D}.Release|Any CPU.Build.0 = Release|Any CPU
		{46A9C808-252D-443D-AE7E-AAD3586F6AF6}.Debug|Any CPU.ActiveCfg = Debug|Any CPU
		{46A9C808-252D-443D-AE7E-AAD3586F6AF6}.Debug|Any CPU.Build.0 = Debug|Any CPU
		{46A9C808-252D-443D-AE7E-AAD3586F6AF6}.Release|Any CPU.ActiveCfg = Release|Any CPU
		{46A9C808-252D-443D-AE7E-AAD3586F6AF6}.Release|Any CPU.Build.0 = Release|Any CPU
		{4D147CF3-CC0D-492D-9341-ACA764AF2D77}.Debug|Any CPU.ActiveCfg = Debug|Any CPU
		{4D147CF3-CC0D-492D-9341-ACA764AF2D77}.Debug|Any CPU.Build.0 = Debug|Any CPU
		{4D147CF3-CC0D-492D-9341-ACA764AF2D77}.Release|Any CPU.ActiveCfg = Release|Any CPU
		{4D147CF3-CC0D-492D-9341-ACA764AF2D77}.Release|Any CPU.Build.0 = Release|Any CPU
		{5877A605-8B3A-4292-9E2F-93AB8774B474}.Debug|Any CPU.ActiveCfg = Debug|Any CPU
		{5877A605-8B3A-4292-9E2F-93AB8774B474}.Debug|Any CPU.Build.0 = Debug|Any CPU
		{5877A605-8B3A-4292-9E2F-93AB8774B474}.Release|Any CPU.ActiveCfg = Release|Any CPU
		{5877A605-8B3A-4292-9E2F-93AB8774B474}.Release|Any CPU.Build.0 = Release|Any CPU
		{F0E5678B-98DB-4768-9671-2BD8DD9299B4}.Debug|Any CPU.ActiveCfg = Debug|Any CPU
		{F0E5678B-98DB-4768-9671-2BD8DD9299B4}.Debug|Any CPU.Build.0 = Debug|Any CPU
		{F0E5678B-98DB-4768-9671-2BD8DD9299B4}.Release|Any CPU.ActiveCfg = Release|Any CPU
		{F0E5678B-98DB-4768-9671-2BD8DD9299B4}.Release|Any CPU.Build.0 = Release|Any CPU
		{80AA684A-96B9-4F89-96B8-7E5A10C7150A}.Debug|Any CPU.ActiveCfg = Debug|Any CPU
		{80AA684A-96B9-4F89-96B8-7E5A10C7150A}.Debug|Any CPU.Build.0 = Debug|Any CPU
		{80AA684A-96B9-4F89-96B8-7E5A10C7150A}.Release|Any CPU.ActiveCfg = Release|Any CPU
		{80AA684A-96B9-4F89-96B8-7E5A10C7150A}.Release|Any CPU.Build.0 = Release|Any CPU
		{42853471-81E9-4264-A2EE-774285898E2A}.Debug|Any CPU.ActiveCfg = Debug|Any CPU
		{42853471-81E9-4264-A2EE-774285898E2A}.Debug|Any CPU.Build.0 = Debug|Any CPU
		{42853471-81E9-4264-A2EE-774285898E2A}.Release|Any CPU.ActiveCfg = Release|Any CPU
		{42853471-81E9-4264-A2EE-774285898E2A}.Release|Any CPU.Build.0 = Release|Any CPU
		{FE050C31-DF5B-4C20-8102-1B6E8BE898E4}.Debug|Any CPU.ActiveCfg = Debug|Any CPU
		{FE050C31-DF5B-4C20-8102-1B6E8BE898E4}.Debug|Any CPU.Build.0 = Debug|Any CPU
		{FE050C31-DF5B-4C20-8102-1B6E8BE898E4}.Release|Any CPU.ActiveCfg = Release|Any CPU
		{FE050C31-DF5B-4C20-8102-1B6E8BE898E4}.Release|Any CPU.Build.0 = Release|Any CPU
		{543E2CD6-7499-4AA7-98FB-A745EDE450ED}.Debug|Any CPU.ActiveCfg = Debug|Any CPU
		{543E2CD6-7499-4AA7-98FB-A745EDE450ED}.Debug|Any CPU.Build.0 = Debug|Any CPU
		{543E2CD6-7499-4AA7-98FB-A745EDE450ED}.Release|Any CPU.ActiveCfg = Release|Any CPU
		{543E2CD6-7499-4AA7-98FB-A745EDE450ED}.Release|Any CPU.Build.0 = Release|Any CPU
		{D628F0C2-8118-4E66-BCD6-DFFA9FB4C10F}.Debug|Any CPU.ActiveCfg = Debug|Any CPU
		{D628F0C2-8118-4E66-BCD6-DFFA9FB4C10F}.Debug|Any CPU.Build.0 = Debug|Any CPU
		{D628F0C2-8118-4E66-BCD6-DFFA9FB4C10F}.Release|Any CPU.ActiveCfg = Release|Any CPU
		{D628F0C2-8118-4E66-BCD6-DFFA9FB4C10F}.Release|Any CPU.Build.0 = Release|Any CPU
		{3ED2B4B1-8123-4751-A806-710B1A18E95C}.Debug|Any CPU.ActiveCfg = Debug|Any CPU
		{3ED2B4B1-8123-4751-A806-710B1A18E95C}.Debug|Any CPU.Build.0 = Debug|Any CPU
		{3ED2B4B1-8123-4751-A806-710B1A18E95C}.Release|Any CPU.ActiveCfg = Release|Any CPU
		{3ED2B4B1-8123-4751-A806-710B1A18E95C}.Release|Any CPU.Build.0 = Release|Any CPU
	EndGlobalSection
	GlobalSection(SolutionProperties) = preSolution
		HideSolutionNode = FALSE
	EndGlobalSection
	GlobalSection(NestedProjects) = preSolution
		{67E1DEA1-F354-478F-897D-A99D46AC4A25} = {BA4C73B5-5886-4BC0-9201-B60297E8FA07}
		{FD47F945-E941-4577-9B58-229BBC9DE513} = {67E1DEA1-F354-478F-897D-A99D46AC4A25}
		{D22329B6-A823-4E8A-923E-7A31BC166CF7} = {67E1DEA1-F354-478F-897D-A99D46AC4A25}
		{63D6C2FA-17B6-46D6-9194-6686DF92A7F3} = {0DF06FE8-4877-40D4-958C-8A2C660484EE}
		{180D0639-AC0A-4F98-ADE7-BE4AC457594A} = {0DF06FE8-4877-40D4-958C-8A2C660484EE}
		{42CCD075-2E08-4FDC-98B1-D097F2482F9E} = {9673C474-251F-471B-833D-1FC3A176B351}
		{D337E03D-7D18-4EEE-966D-96C8F635210B} = {A471307C-CA07-4910-BD47-5BAC17F24F10}
		{5AC9F427-AAC2-43CF-A40B-6E9A675C3986} = {A471307C-CA07-4910-BD47-5BAC17F24F10}
		{A471307C-CA07-4910-BD47-5BAC17F24F10} = {D5BF7E78-BFEE-40C8-8998-2FFC84424A6B}
		{9673C474-251F-471B-833D-1FC3A176B351} = {D5BF7E78-BFEE-40C8-8998-2FFC84424A6B}
		{1A8178D3-4C4A-4A87-9EB4-93650DF8930D} = {BA4C73B5-5886-4BC0-9201-B60297E8FA07}
		{46A9C808-252D-443D-AE7E-AAD3586F6AF6} = {9673C474-251F-471B-833D-1FC3A176B351}
		{4D147CF3-CC0D-492D-9341-ACA764AF2D77} = {180D0639-AC0A-4F98-ADE7-BE4AC457594A}
		{5877A605-8B3A-4292-9E2F-93AB8774B474} = {9673C474-251F-471B-833D-1FC3A176B351}
		{F0E5678B-98DB-4768-9671-2BD8DD9299B4} = {A471307C-CA07-4910-BD47-5BAC17F24F10}
		{80AA684A-96B9-4F89-96B8-7E5A10C7150A} = {A471307C-CA07-4910-BD47-5BAC17F24F10}
		{42853471-81E9-4264-A2EE-774285898E2A} = {180D0639-AC0A-4F98-ADE7-BE4AC457594A}
		{FE050C31-DF5B-4C20-8102-1B6E8BE898E4} = {9673C474-251F-471B-833D-1FC3A176B351}
		{441DC52A-BE8E-489F-91F7-EC43CCDCF476} = {D5BF7E78-BFEE-40C8-8998-2FFC84424A6B}
		{543E2CD6-7499-4AA7-98FB-A745EDE450ED} = {441DC52A-BE8E-489F-91F7-EC43CCDCF476}
		{D628F0C2-8118-4E66-BCD6-DFFA9FB4C10F} = {FC9D0201-7720-4088-AE6A-0AC641906F5C}
		{FC9D0201-7720-4088-AE6A-0AC641906F5C} = {BA4C73B5-5886-4BC0-9201-B60297E8FA07}
		{3ED2B4B1-8123-4751-A806-710B1A18E95C} = {FC9D0201-7720-4088-AE6A-0AC641906F5C}
	EndGlobalSection
	GlobalSection(ExtensibilityGlobals) = postSolution
		SolutionGuid = {CD9DC786-D91E-4431-BAAD-4D4C00C5C2B1}
	EndGlobalSection
EndGlobal
