
Microsoft Visual Studio Solution File, Format Version 12.00
# Visual Studio Version 17
VisualStudioVersion = 17.2.32602.215
MinimumVisualStudioVersion = 10.0.40219.1
Project("{2150E333-8FDC-42A3-9474-1A3956D46DE8}") = "APIs e UIs", "APIs e UIs", "{0DF06FE8-4877-40D4-958C-8A2C660484EE}"
EndProject
Project("{2150E333-8FDC-42A3-9474-1A3956D46DE8}") = "Anuncio", "Anuncio", "{67E1DEA1-F354-478F-897D-A99D46AC4A25}"
EndProject
Project("{2150E333-8FDC-42A3-9474-1A3956D46DE8}") = "Domínios", "Domínios", "{BA4C73B5-5886-4BC0-9201-B60297E8FA07}"
EndProject
Project("{2150E333-8FDC-42A3-9474-1A3956D46DE8}") = "Infraestrutura", "Infraestrutura", "{D5BF7E78-BFEE-40C8-8998-2FFC84424A6B}"
EndProject
Project("{2150E333-8FDC-42A3-9474-1A3956D46DE8}") = "Solution Items", "Solution Items", "{C30C12C1-7234-4CC4-A99C-D3D077FFE28F}"
	ProjectSection(SolutionItems) = preProject
		.editorconfig = .editorconfig
	EndProjectSection
EndProject
Project("{9A19103F-16F7-4668-BE54-9A1E7A4F7556}") = "Lopes.Anuncio.ConsoleTestes", "src\Lopes.Anuncio.ConsoleTestes\Lopes.Anuncio.ConsoleTestes.csproj", "{4EFCFDBD-A4B2-428E-89BD-4743B8F062FF}"
EndProject
Project("{9A19103F-16F7-4668-BE54-9A1E7A4F7556}") = "Lopes.Anuncio.Application", "src\Lopes.Anuncio.Application\Lopes.Anuncio.Application.csproj", "{FD47F945-E941-4577-9B58-229BBC9DE513}"
EndProject
Project("{9A19103F-16F7-4668-BE54-9A1E7A4F7556}") = "Lopes.Anuncio.Domain", "src\Lopes.Anuncio.Domain\Lopes.Anuncio.Domain.csproj", "{D22329B6-A823-4E8A-923E-7A31BC166CF7}"
EndProject
Project("{9A19103F-16F7-4668-BE54-9A1E7A4F7556}") = "Lopes.Jobs.Api", "src\Lopes.Jobs.Api\Lopes.Jobs.Api.csproj", "{63D6C2FA-17B6-46D6-9194-6686DF92A7F3}"
EndProject
Project("{2150E333-8FDC-42A3-9474-1A3956D46DE8}") = "Testes", "Testes", "{180D0639-AC0A-4F98-ADE7-BE4AC457594A}"
EndProject
Project("{9A19103F-16F7-4668-BE54-9A1E7A4F7556}") = "Lopes.Infra.Commons", "src\Lopes.Infra.Commons\Lopes.Infra.Commons.csproj", "{42CCD075-2E08-4FDC-98B1-D097F2482F9E}"
EndProject
Project("{9A19103F-16F7-4668-BE54-9A1E7A4F7556}") = "Lopes.Anuncio.XML", "src\Lopes.Anuncio.XML\Lopes.Anuncio.XML.csproj", "{D337E03D-7D18-4EEE-966D-96C8F635210B}"
EndProject
Project("{9A19103F-16F7-4668-BE54-9A1E7A4F7556}") = "Lopes.Anuncio.IoC", "src\Lopes.Anuncio.IoC\Lopes.Anuncio.IoC.csproj", "{5AC9F427-AAC2-43CF-A40B-6E9A675C3986}"
EndProject
Project("{9A19103F-16F7-4668-BE54-9A1E7A4F7556}") = "Lopes.Anuncio.Data", "src\Lopes.Anuncio.Data\Lopes.Anuncio.Data.csproj", "{AEF02D6D-273D-42DD-8C2C-585228454FF3}"
EndProject
Project("{2150E333-8FDC-42A3-9474-1A3956D46DE8}") = "Anuncio", "Anuncio", "{A471307C-CA07-4910-BD47-5BAC17F24F10}"
EndProject
Project("{2150E333-8FDC-42A3-9474-1A3956D46DE8}") = "Commons", "Commons", "{9673C474-251F-471B-833D-1FC3A176B351}"
EndProject
Project("{9A19103F-16F7-4668-BE54-9A1E7A4F7556}") = "Lopes.Domain.Commons", "src\Lopes.Domain.Commons\Lopes.Domain.Commons.csproj", "{1A8178D3-4C4A-4A87-9EB4-93650DF8930D}"
EndProject
Project("{9A19103F-16F7-4668-BE54-9A1E7A4F7556}") = "Lopes.Infra.ConsoleCommons", "src\Lopes.Infra.ConsoleCommons\Lopes.Infra.ConsoleCommons.csproj", "{46A9C808-252D-443D-AE7E-AAD3586F6AF6}"
EndProject
Global
	GlobalSection(SolutionConfigurationPlatforms) = preSolution
		Debug|Any CPU = Debug|Any CPU
		Release|Any CPU = Release|Any CPU
	EndGlobalSection
	GlobalSection(ProjectConfigurationPlatforms) = postSolution
		{4EFCFDBD-A4B2-428E-89BD-4743B8F062FF}.Debug|Any CPU.ActiveCfg = Debug|Any CPU
		{4EFCFDBD-A4B2-428E-89BD-4743B8F062FF}.Debug|Any CPU.Build.0 = Debug|Any CPU
		{4EFCFDBD-A4B2-428E-89BD-4743B8F062FF}.Release|Any CPU.ActiveCfg = Release|Any CPU
		{4EFCFDBD-A4B2-428E-89BD-4743B8F062FF}.Release|Any CPU.Build.0 = Release|Any CPU
		{FD47F945-E941-4577-9B58-229BBC9DE513}.Debug|Any CPU.ActiveCfg = Debug|Any CPU
		{FD47F945-E941-4577-9B58-229BBC9DE513}.Debug|Any CPU.Build.0 = Debug|Any CPU
		{FD47F945-E941-4577-9B58-229BBC9DE513}.Release|Any CPU.ActiveCfg = Release|Any CPU
		{FD47F945-E941-4577-9B58-229BBC9DE513}.Release|Any CPU.Build.0 = Release|Any CPU
		{D22329B6-A823-4E8A-923E-7A31BC166CF7}.Debug|Any CPU.ActiveCfg = Debug|Any CPU
		{D22329B6-A823-4E8A-923E-7A31BC166CF7}.Debug|Any CPU.Build.0 = Debug|Any CPU
		{D22329B6-A823-4E8A-923E-7A31BC166CF7}.Release|Any CPU.ActiveCfg = Release|Any CPU
		{D22329B6-A823-4E8A-923E-7A31BC166CF7}.Release|Any CPU.Build.0 = Release|Any CPU
		{63D6C2FA-17B6-46D6-9194-6686DF92A7F3}.Debug|Any CPU.ActiveCfg = Debug|Any CPU
		{63D6C2FA-17B6-46D6-9194-6686DF92A7F3}.Debug|Any CPU.Build.0 = Debug|Any CPU
		{63D6C2FA-17B6-46D6-9194-6686DF92A7F3}.Release|Any CPU.ActiveCfg = Release|Any CPU
		{63D6C2FA-17B6-46D6-9194-6686DF92A7F3}.Release|Any CPU.Build.0 = Release|Any CPU
		{42CCD075-2E08-4FDC-98B1-D097F2482F9E}.Debug|Any CPU.ActiveCfg = Debug|Any CPU
		{42CCD075-2E08-4FDC-98B1-D097F2482F9E}.Debug|Any CPU.Build.0 = Debug|Any CPU
		{42CCD075-2E08-4FDC-98B1-D097F2482F9E}.Release|Any CPU.ActiveCfg = Release|Any CPU
		{42CCD075-2E08-4FDC-98B1-D097F2482F9E}.Release|Any CPU.Build.0 = Release|Any CPU
		{D337E03D-7D18-4EEE-966D-96C8F635210B}.Debug|Any CPU.ActiveCfg = Debug|Any CPU
		{D337E03D-7D18-4EEE-966D-96C8F635210B}.Debug|Any CPU.Build.0 = Debug|Any CPU
		{D337E03D-7D18-4EEE-966D-96C8F635210B}.Release|Any CPU.ActiveCfg = Release|Any CPU
		{D337E03D-7D18-4EEE-966D-96C8F635210B}.Release|Any CPU.Build.0 = Release|Any CPU
		{5AC9F427-AAC2-43CF-A40B-6E9A675C3986}.Debug|Any CPU.ActiveCfg = Debug|Any CPU
		{5AC9F427-AAC2-43CF-A40B-6E9A675C3986}.Debug|Any CPU.Build.0 = Debug|Any CPU
		{5AC9F427-AAC2-43CF-A40B-6E9A675C3986}.Release|Any CPU.ActiveCfg = Release|Any CPU
		{5AC9F427-AAC2-43CF-A40B-6E9A675C3986}.Release|Any CPU.Build.0 = Release|Any CPU
		{AEF02D6D-273D-42DD-8C2C-585228454FF3}.Debug|Any CPU.ActiveCfg = Debug|Any CPU
		{AEF02D6D-273D-42DD-8C2C-585228454FF3}.Debug|Any CPU.Build.0 = Debug|Any CPU
		{AEF02D6D-273D-42DD-8C2C-585228454FF3}.Release|Any CPU.ActiveCfg = Release|Any CPU
		{AEF02D6D-273D-42DD-8C2C-585228454FF3}.Release|Any CPU.Build.0 = Release|Any CPU
		{1A8178D3-4C4A-4A87-9EB4-93650DF8930D}.Debug|Any CPU.ActiveCfg = Debug|Any CPU
		{1A8178D3-4C4A-4A87-9EB4-93650DF8930D}.Debug|Any CPU.Build.0 = Debug|Any CPU
		{1A8178D3-4C4A-4A87-9EB4-93650DF8930D}.Release|Any CPU.ActiveCfg = Release|Any CPU
		{1A8178D3-4C4A-4A87-9EB4-93650DF8930D}.Release|Any CPU.Build.0 = Release|Any CPU
		{46A9C808-252D-443D-AE7E-AAD3586F6AF6}.Debug|Any CPU.ActiveCfg = Debug|Any CPU
		{46A9C808-252D-443D-AE7E-AAD3586F6AF6}.Debug|Any CPU.Build.0 = Debug|Any CPU
		{46A9C808-252D-443D-AE7E-AAD3586F6AF6}.Release|Any CPU.ActiveCfg = Release|Any CPU
		{46A9C808-252D-443D-AE7E-AAD3586F6AF6}.Release|Any CPU.Build.0 = Release|Any CPU
	EndGlobalSection
	GlobalSection(SolutionProperties) = preSolution
		HideSolutionNode = FALSE
	EndGlobalSection
	GlobalSection(NestedProjects) = preSolution
		{67E1DEA1-F354-478F-897D-A99D46AC4A25} = {BA4C73B5-5886-4BC0-9201-B60297E8FA07}
		{4EFCFDBD-A4B2-428E-89BD-4743B8F062FF} = {180D0639-AC0A-4F98-ADE7-BE4AC457594A}
		{FD47F945-E941-4577-9B58-229BBC9DE513} = {67E1DEA1-F354-478F-897D-A99D46AC4A25}
		{D22329B6-A823-4E8A-923E-7A31BC166CF7} = {67E1DEA1-F354-478F-897D-A99D46AC4A25}
		{63D6C2FA-17B6-46D6-9194-6686DF92A7F3} = {0DF06FE8-4877-40D4-958C-8A2C660484EE}
		{180D0639-AC0A-4F98-ADE7-BE4AC457594A} = {0DF06FE8-4877-40D4-958C-8A2C660484EE}
		{42CCD075-2E08-4FDC-98B1-D097F2482F9E} = {9673C474-251F-471B-833D-1FC3A176B351}
		{D337E03D-7D18-4EEE-966D-96C8F635210B} = {A471307C-CA07-4910-BD47-5BAC17F24F10}
		{5AC9F427-AAC2-43CF-A40B-6E9A675C3986} = {A471307C-CA07-4910-BD47-5BAC17F24F10}
		{AEF02D6D-273D-42DD-8C2C-585228454FF3} = {A471307C-CA07-4910-BD47-5BAC17F24F10}
		{A471307C-CA07-4910-BD47-5BAC17F24F10} = {D5BF7E78-BFEE-40C8-8998-2FFC84424A6B}
		{9673C474-251F-471B-833D-1FC3A176B351} = {D5BF7E78-BFEE-40C8-8998-2FFC84424A6B}
		{1A8178D3-4C4A-4A87-9EB4-93650DF8930D} = {BA4C73B5-5886-4BC0-9201-B60297E8FA07}
		{46A9C808-252D-443D-AE7E-AAD3586F6AF6} = {9673C474-251F-471B-833D-1FC3A176B351}
	EndGlobalSection
	GlobalSection(ExtensibilityGlobals) = postSolution
		SolutionGuid = {CD9DC786-D91E-4431-BAAD-4D4C00C5C2B1}
	EndGlobalSection
EndGlobal
