
Microsoft Visual Studio Solution File, Format Version 12.00
# Visual Studio Version 17
VisualStudioVersion = 17.2.32602.215
MinimumVisualStudioVersion = 10.0.40219.1
Project("{9A19103F-16F7-4668-BE54-9A1E7A4F7556}") = "Lopes.SC.ExportacaoAnuncio.ConsoleTestes", "src\Lopes.SC.ExportacaoAnuncio.Console\Lopes.SC.ExportacaoAnuncio.ConsoleTestes.csproj", "{D8CD5875-408C-409E-9C12-50FC10B9A6CA}"
EndProject
Project("{9A19103F-16F7-4668-BE54-9A1E7A4F7556}") = "Lopes.SC.Anuncio.Application", "src\Lopes.SC.ExportacaoAnuncio.Application\Lopes.SC.Anuncio.Application.csproj", "{2214917F-A154-4D98-9B96-D74305D269D9}"
EndProject
Project("{2150E333-8FDC-42A3-9474-1A3956D46DE8}") = "1. UIs", "1. UIs", "{0DF06FE8-4877-40D4-958C-8A2C660484EE}"
EndProject
Project("{2150E333-8FDC-42A3-9474-1A3956D46DE8}") = "3. Applications", "3. Applications", "{67E1DEA1-F354-478F-897D-A99D46AC4A25}"
EndProject
Project("{2150E333-8FDC-42A3-9474-1A3956D46DE8}") = "4. Domains", "4. Domains", "{BA4C73B5-5886-4BC0-9201-B60297E8FA07}"
EndProject
Project("{2150E333-8FDC-42A3-9474-1A3956D46DE8}") = "5. Infra", "5. Infra", "{D5BF7E78-BFEE-40C8-8998-2FFC84424A6B}"
EndProject
Project("{9A19103F-16F7-4668-BE54-9A1E7A4F7556}") = "Lopes.SC.Infra.Commons", "src\Lopes.SC.Commons\Lopes.SC.Infra.Commons.csproj", "{41F7A6B1-82D3-4A9E-9FC3-01A61C33DA71}"
EndProject
Project("{2150E333-8FDC-42A3-9474-1A3956D46DE8}") = "Solution Items", "Solution Items", "{C30C12C1-7234-4CC4-A99C-D3D077FFE28F}"
	ProjectSection(SolutionItems) = preProject
		.editorconfig = .editorconfig
	EndProjectSection
EndProject
Project("{2150E333-8FDC-42A3-9474-1A3956D46DE8}") = "2. Services", "2. Services", "{F85F6353-2238-427B-9CCF-44E0DB7DD582}"
EndProject
Project("{2150E333-8FDC-42A3-9474-1A3956D46DE8}") = "5.1. Data", "5.1. Data", "{C4446485-A85B-4B4A-9B52-2768E8351ECD}"
EndProject
Project("{2150E333-8FDC-42A3-9474-1A3956D46DE8}") = "Testes", "Testes", "{7D051D87-7FF2-458E-8EF0-2400DD9D4528}"
EndProject
Project("{9A19103F-16F7-4668-BE54-9A1E7A4F7556}") = "Lopes.SC.Infra.IoC", "src\Lopes.SC.Infra.IoC\Lopes.SC.Infra.IoC.csproj", "{B3BD8547-551E-4962-A837-8DF279FC7D6F}"
EndProject
Project("{9A19103F-16F7-4668-BE54-9A1E7A4F7556}") = "Lopes.SC.Infra.Data", "src\Lopes.SC.Infra.Data\Lopes.SC.Infra.Data.csproj", "{0EA037BD-9624-4697-9561-586ACF785AE2}"
EndProject
Project("{9A19103F-16F7-4668-BE54-9A1E7A4F7556}") = "Lopes.SC.Anuncio.Domain", "src\Lopes.SC.ExportacaoAnuncio.Domain\Lopes.SC.Anuncio.Domain.csproj", "{648010E4-2224-47FF-B0DA-0EC1AEE96BB1}"
EndProject
Project("{9A19103F-16F7-4668-BE54-9A1E7A4F7556}") = "Lopes.SC.Infra.XML", "src\Lopes.SC.Infra.XML\Lopes.SC.Infra.XML.csproj", "{6C354FC6-7DE6-471A-981C-03464ADC918C}"
EndProject
Project("{9A19103F-16F7-4668-BE54-9A1E7A4F7556}") = "Lopes.SC.Domain.Commons", "src\Lopes.SC.Domain.Commons\Lopes.SC.Domain.Commons.csproj", "{1DA9B66C-987B-49E9-A6C6-A47746CC9CE2}"
EndProject
Project("{9A19103F-16F7-4668-BE54-9A1E7A4F7556}") = "Lopes.SC.Jobs.Api", "src\Lopes.SC.Anuncio.HangFire.Api\Lopes.SC.Jobs.Api.csproj", "{DD5478E3-89DA-4068-A117-61825569024E}"
EndProject
Project("{9A19103F-16F7-4668-BE54-9A1E7A4F7556}") = "Lopes.SC.Infra.ConsoleCommons", "src\Lopes.SC.Infra.Console.Commons\Lopes.SC.Infra.ConsoleCommons.csproj", "{24A18421-7694-46DC-9412-52719C508EA1}"
EndProject
Project("{2150E333-8FDC-42A3-9474-1A3956D46DE8}") = "Testes", "Testes", "{6653F361-3879-4C77-9EE1-8DDC289AECE6}"
EndProject
Project("{FAE04EC0-301F-11D3-BF4B-00C04F79EFBC}") = "Lopes.SC.Anuncio.Domain.Testes", "src\Lopes.SC.Anuncio.Domain.Testes\Lopes.SC.Anuncio.Domain.Testes.csproj", "{168E2676-0A23-4E7E-8E15-E8C556972D5F}"
EndProject
Global
	GlobalSection(SolutionConfigurationPlatforms) = preSolution
		Debug|Any CPU = Debug|Any CPU
		Release|Any CPU = Release|Any CPU
	EndGlobalSection
	GlobalSection(ProjectConfigurationPlatforms) = postSolution
		{D8CD5875-408C-409E-9C12-50FC10B9A6CA}.Debug|Any CPU.ActiveCfg = Debug|Any CPU
		{D8CD5875-408C-409E-9C12-50FC10B9A6CA}.Debug|Any CPU.Build.0 = Debug|Any CPU
		{D8CD5875-408C-409E-9C12-50FC10B9A6CA}.Release|Any CPU.ActiveCfg = Release|Any CPU
		{D8CD5875-408C-409E-9C12-50FC10B9A6CA}.Release|Any CPU.Build.0 = Release|Any CPU
		{2214917F-A154-4D98-9B96-D74305D269D9}.Debug|Any CPU.ActiveCfg = Debug|Any CPU
		{2214917F-A154-4D98-9B96-D74305D269D9}.Debug|Any CPU.Build.0 = Debug|Any CPU
		{2214917F-A154-4D98-9B96-D74305D269D9}.Release|Any CPU.ActiveCfg = Release|Any CPU
		{2214917F-A154-4D98-9B96-D74305D269D9}.Release|Any CPU.Build.0 = Release|Any CPU
		{41F7A6B1-82D3-4A9E-9FC3-01A61C33DA71}.Debug|Any CPU.ActiveCfg = Debug|Any CPU
		{41F7A6B1-82D3-4A9E-9FC3-01A61C33DA71}.Debug|Any CPU.Build.0 = Debug|Any CPU
		{41F7A6B1-82D3-4A9E-9FC3-01A61C33DA71}.Release|Any CPU.ActiveCfg = Release|Any CPU
		{41F7A6B1-82D3-4A9E-9FC3-01A61C33DA71}.Release|Any CPU.Build.0 = Release|Any CPU
		{B3BD8547-551E-4962-A837-8DF279FC7D6F}.Debug|Any CPU.ActiveCfg = Debug|Any CPU
		{B3BD8547-551E-4962-A837-8DF279FC7D6F}.Debug|Any CPU.Build.0 = Debug|Any CPU
		{B3BD8547-551E-4962-A837-8DF279FC7D6F}.Release|Any CPU.ActiveCfg = Release|Any CPU
		{B3BD8547-551E-4962-A837-8DF279FC7D6F}.Release|Any CPU.Build.0 = Release|Any CPU
		{0EA037BD-9624-4697-9561-586ACF785AE2}.Debug|Any CPU.ActiveCfg = Debug|Any CPU
		{0EA037BD-9624-4697-9561-586ACF785AE2}.Debug|Any CPU.Build.0 = Debug|Any CPU
		{0EA037BD-9624-4697-9561-586ACF785AE2}.Release|Any CPU.ActiveCfg = Release|Any CPU
		{0EA037BD-9624-4697-9561-586ACF785AE2}.Release|Any CPU.Build.0 = Release|Any CPU
		{648010E4-2224-47FF-B0DA-0EC1AEE96BB1}.Debug|Any CPU.ActiveCfg = Debug|Any CPU
		{648010E4-2224-47FF-B0DA-0EC1AEE96BB1}.Debug|Any CPU.Build.0 = Debug|Any CPU
		{648010E4-2224-47FF-B0DA-0EC1AEE96BB1}.Release|Any CPU.ActiveCfg = Release|Any CPU
		{648010E4-2224-47FF-B0DA-0EC1AEE96BB1}.Release|Any CPU.Build.0 = Release|Any CPU
		{6C354FC6-7DE6-471A-981C-03464ADC918C}.Debug|Any CPU.ActiveCfg = Debug|Any CPU
		{6C354FC6-7DE6-471A-981C-03464ADC918C}.Debug|Any CPU.Build.0 = Debug|Any CPU
		{6C354FC6-7DE6-471A-981C-03464ADC918C}.Release|Any CPU.ActiveCfg = Release|Any CPU
		{6C354FC6-7DE6-471A-981C-03464ADC918C}.Release|Any CPU.Build.0 = Release|Any CPU
		{1DA9B66C-987B-49E9-A6C6-A47746CC9CE2}.Debug|Any CPU.ActiveCfg = Debug|Any CPU
		{1DA9B66C-987B-49E9-A6C6-A47746CC9CE2}.Debug|Any CPU.Build.0 = Debug|Any CPU
		{1DA9B66C-987B-49E9-A6C6-A47746CC9CE2}.Release|Any CPU.ActiveCfg = Release|Any CPU
		{1DA9B66C-987B-49E9-A6C6-A47746CC9CE2}.Release|Any CPU.Build.0 = Release|Any CPU
		{DD5478E3-89DA-4068-A117-61825569024E}.Debug|Any CPU.ActiveCfg = Debug|Any CPU
		{DD5478E3-89DA-4068-A117-61825569024E}.Debug|Any CPU.Build.0 = Debug|Any CPU
		{DD5478E3-89DA-4068-A117-61825569024E}.Release|Any CPU.ActiveCfg = Release|Any CPU
		{DD5478E3-89DA-4068-A117-61825569024E}.Release|Any CPU.Build.0 = Release|Any CPU
		{24A18421-7694-46DC-9412-52719C508EA1}.Debug|Any CPU.ActiveCfg = Debug|Any CPU
		{24A18421-7694-46DC-9412-52719C508EA1}.Debug|Any CPU.Build.0 = Debug|Any CPU
		{24A18421-7694-46DC-9412-52719C508EA1}.Release|Any CPU.ActiveCfg = Release|Any CPU
		{24A18421-7694-46DC-9412-52719C508EA1}.Release|Any CPU.Build.0 = Release|Any CPU
		{168E2676-0A23-4E7E-8E15-E8C556972D5F}.Debug|Any CPU.ActiveCfg = Debug|Any CPU
		{168E2676-0A23-4E7E-8E15-E8C556972D5F}.Debug|Any CPU.Build.0 = Debug|Any CPU
		{168E2676-0A23-4E7E-8E15-E8C556972D5F}.Release|Any CPU.ActiveCfg = Release|Any CPU
		{168E2676-0A23-4E7E-8E15-E8C556972D5F}.Release|Any CPU.Build.0 = Release|Any CPU
	EndGlobalSection
	GlobalSection(SolutionProperties) = preSolution
		HideSolutionNode = FALSE
	EndGlobalSection
	GlobalSection(NestedProjects) = preSolution
		{D8CD5875-408C-409E-9C12-50FC10B9A6CA} = {7D051D87-7FF2-458E-8EF0-2400DD9D4528}
		{2214917F-A154-4D98-9B96-D74305D269D9} = {67E1DEA1-F354-478F-897D-A99D46AC4A25}
		{41F7A6B1-82D3-4A9E-9FC3-01A61C33DA71} = {D5BF7E78-BFEE-40C8-8998-2FFC84424A6B}
		{C4446485-A85B-4B4A-9B52-2768E8351ECD} = {D5BF7E78-BFEE-40C8-8998-2FFC84424A6B}
		{7D051D87-7FF2-458E-8EF0-2400DD9D4528} = {0DF06FE8-4877-40D4-958C-8A2C660484EE}
		{B3BD8547-551E-4962-A837-8DF279FC7D6F} = {D5BF7E78-BFEE-40C8-8998-2FFC84424A6B}
		{0EA037BD-9624-4697-9561-586ACF785AE2} = {C4446485-A85B-4B4A-9B52-2768E8351ECD}
		{648010E4-2224-47FF-B0DA-0EC1AEE96BB1} = {BA4C73B5-5886-4BC0-9201-B60297E8FA07}
		{6C354FC6-7DE6-471A-981C-03464ADC918C} = {D5BF7E78-BFEE-40C8-8998-2FFC84424A6B}
		{1DA9B66C-987B-49E9-A6C6-A47746CC9CE2} = {BA4C73B5-5886-4BC0-9201-B60297E8FA07}
		{DD5478E3-89DA-4068-A117-61825569024E} = {F85F6353-2238-427B-9CCF-44E0DB7DD582}
		{24A18421-7694-46DC-9412-52719C508EA1} = {D5BF7E78-BFEE-40C8-8998-2FFC84424A6B}
		{6653F361-3879-4C77-9EE1-8DDC289AECE6} = {BA4C73B5-5886-4BC0-9201-B60297E8FA07}
		{168E2676-0A23-4E7E-8E15-E8C556972D5F} = {6653F361-3879-4C77-9EE1-8DDC289AECE6}
	EndGlobalSection
	GlobalSection(ExtensibilityGlobals) = postSolution
		SolutionGuid = {CD9DC786-D91E-4431-BAAD-4D4C00C5C2B1}
	EndGlobalSection
EndGlobal
